
Microsoft Visual Studio Solution File, Format Version 12.00
# Visual Studio Version 16
VisualStudioVersion = 16.0.30011.22
MinimumVisualStudioVersion = 10.0.40219.1
Project("{9A19103F-16F7-4668-BE54-9A1E7A4F7556}") = "BlazorMovies.Server", "Server\BlazorMovies.Server.csproj", "{5B4A4828-D9A8-4D13-B5DE-75662E8A9BC7}"
EndProject
Project("{9A19103F-16F7-4668-BE54-9A1E7A4F7556}") = "BlazorMovies.Client", "Client\BlazorMovies.Client.csproj", "{464E485A-3E27-4720-B52C-99735BCF122F}"
EndProject
Project("{9A19103F-16F7-4668-BE54-9A1E7A4F7556}") = "BlazorMovies.Shared", "Shared\BlazorMovies.Shared.csproj", "{8F9EFF46-E787-4083-909A-4D62AF069500}"
EndProject
Project("{FAE04EC0-301F-11D3-BF4B-00C04F79EFBC}") = "BlazorMovies.Components", "BlazorMovies.Components\BlazorMovies.Components.csproj", "{167FA97B-C69A-4637-A94F-1F7BFEC2E6A0}"
EndProject
Global
	GlobalSection(SolutionConfigurationPlatforms) = preSolution
		Debug|Any CPU = Debug|Any CPU
		Release|Any CPU = Release|Any CPU
	EndGlobalSection
	GlobalSection(ProjectConfigurationPlatforms) = postSolution
		{5B4A4828-D9A8-4D13-B5DE-75662E8A9BC7}.Debug|Any CPU.ActiveCfg = Debug|Any CPU
		{5B4A4828-D9A8-4D13-B5DE-75662E8A9BC7}.Debug|Any CPU.Build.0 = Debug|Any CPU
		{5B4A4828-D9A8-4D13-B5DE-75662E8A9BC7}.Release|Any CPU.ActiveCfg = Release|Any CPU
		{5B4A4828-D9A8-4D13-B5DE-75662E8A9BC7}.Release|Any CPU.Build.0 = Release|Any CPU
		{464E485A-3E27-4720-B52C-99735BCF122F}.Debug|Any CPU.ActiveCfg = Debug|Any CPU
		{464E485A-3E27-4720-B52C-99735BCF122F}.Debug|Any CPU.Build.0 = Debug|Any CPU
		{464E485A-3E27-4720-B52C-99735BCF122F}.Release|Any CPU.ActiveCfg = Release|Any CPU
		{464E485A-3E27-4720-B52C-99735BCF122F}.Release|Any CPU.Build.0 = Release|Any CPU
		{8F9EFF46-E787-4083-909A-4D62AF069500}.Debug|Any CPU.ActiveCfg = Debug|Any CPU
		{8F9EFF46-E787-4083-909A-4D62AF069500}.Debug|Any CPU.Build.0 = Debug|Any CPU
		{8F9EFF46-E787-4083-909A-4D62AF069500}.Release|Any CPU.ActiveCfg = Release|Any CPU
		{8F9EFF46-E787-4083-909A-4D62AF069500}.Release|Any CPU.Build.0 = Release|Any CPU
		{167FA97B-C69A-4637-A94F-1F7BFEC2E6A0}.Debug|Any CPU.ActiveCfg = Debug|Any CPU
		{167FA97B-C69A-4637-A94F-1F7BFEC2E6A0}.Debug|Any CPU.Build.0 = Debug|Any CPU
		{167FA97B-C69A-4637-A94F-1F7BFEC2E6A0}.Release|Any CPU.ActiveCfg = Release|Any CPU
		{167FA97B-C69A-4637-A94F-1F7BFEC2E6A0}.Release|Any CPU.Build.0 = Release|Any CPU
	EndGlobalSection
	GlobalSection(SolutionProperties) = preSolution
		HideSolutionNode = FALSE
	EndGlobalSection
	GlobalSection(ExtensibilityGlobals) = postSolution
		SolutionGuid = {4F6CDB3E-94B5-4AB2-9AD8-B67679AFB9F8}
	EndGlobalSection
EndGlobal
